
Microsoft Visual Studio Solution File, Format Version 12.00
# Visual Studio Version 17
VisualStudioVersion = 17.14.36717.8 d17.14
MinimumVisualStudioVersion = 10.0.40219.1
Project("{FAE04EC0-301F-11D3-BF4B-00C04F79EFBC}") = "UniversitySystem", "UniversitySystem\UniversitySystem.csproj", "{32F0EFFD-8C95-434E-8D20-7D3F812AFC64}"
EndProject
Global
	GlobalSection(SolutionConfigurationPlatforms) = preSolution
		Debug|Any CPU = Debug|Any CPU
		Release|Any CPU = Release|Any CPU
	EndGlobalSection
	GlobalSection(ProjectConfigurationPlatforms) = postSolution
		{32F0EFFD-8C95-434E-8D20-7D3F812AFC64}.Debug|Any CPU.ActiveCfg = Debug|Any CPU
		{32F0EFFD-8C95-434E-8D20-7D3F812AFC64}.Debug|Any CPU.Build.0 = Debug|Any CPU
		{32F0EFFD-8C95-434E-8D20-7D3F812AFC64}.Release|Any CPU.ActiveCfg = Release|Any CPU
		{32F0EFFD-8C95-434E-8D20-7D3F812AFC64}.Release|Any CPU.Build.0 = Release|Any CPU
	EndGlobalSection
	GlobalSection(SolutionProperties) = preSolution
		HideSolutionNode = FALSE
	EndGlobalSection
	GlobalSection(ExtensibilityGlobals) = postSolution
		SolutionGuid = {FF87097B-0A6C-4DAC-9C21-A053B268BE47}
	EndGlobalSection
EndGlobal
